
Microsoft Visual Studio Solution File, Format Version 12.00
# Visual Studio Version 16
VisualStudioVersion = 16.0.31205.134
MinimumVisualStudioVersion = 10.0.40219.1
Project("{FAE04EC0-301F-11D3-BF4B-00C04F79EFBC}") = "cetHW1", "cetHW1\cetHW1.csproj", "{750ADA87-8058-48A6-AD30-08F9385CE82D}"
EndProject
Global
	GlobalSection(SolutionConfigurationPlatforms) = preSolution
		Debug|Any CPU = Debug|Any CPU
		Release|Any CPU = Release|Any CPU
	EndGlobalSection
	GlobalSection(ProjectConfigurationPlatforms) = postSolution
		{750ADA87-8058-48A6-AD30-08F9385CE82D}.Debug|Any CPU.ActiveCfg = Debug|Any CPU
		{750ADA87-8058-48A6-AD30-08F9385CE82D}.Debug|Any CPU.Build.0 = Debug|Any CPU
		{750ADA87-8058-48A6-AD30-08F9385CE82D}.Release|Any CPU.ActiveCfg = Release|Any CPU
		{750ADA87-8058-48A6-AD30-08F9385CE82D}.Release|Any CPU.Build.0 = Release|Any CPU
	EndGlobalSection
	GlobalSection(SolutionProperties) = preSolution
		HideSolutionNode = FALSE
	EndGlobalSection
	GlobalSection(ExtensibilityGlobals) = postSolution
		SolutionGuid = {4969AF4D-DD45-40E7-AB9B-75FE9CAD91BA}
	EndGlobalSection
EndGlobal
